
Microsoft Visual Studio Solution File, Format Version 12.00
# Visual Studio Version 17
VisualStudioVersion = 17.6.33723.286
MinimumVisualStudioVersion = 10.0.40219.1
Project("{9A19103F-16F7-4668-BE54-9A1E7A4F7556}") = "VektorelAkademi_Hafta1_Odev", "VektorelAkademiHafta1Odev\VektorelAkademi_Hafta1_Odev.csproj", "{5AD6038E-F31D-43F6-B6CA-03BFAF4BA69D}"
EndProject
Global
	GlobalSection(SolutionConfigurationPlatforms) = preSolution
		Debug|Any CPU = Debug|Any CPU
		Release|Any CPU = Release|Any CPU
	EndGlobalSection
	GlobalSection(ProjectConfigurationPlatforms) = postSolution
		{5AD6038E-F31D-43F6-B6CA-03BFAF4BA69D}.Debug|Any CPU.ActiveCfg = Debug|Any CPU
		{5AD6038E-F31D-43F6-B6CA-03BFAF4BA69D}.Debug|Any CPU.Build.0 = Debug|Any CPU
		{5AD6038E-F31D-43F6-B6CA-03BFAF4BA69D}.Release|Any CPU.ActiveCfg = Release|Any CPU
		{5AD6038E-F31D-43F6-B6CA-03BFAF4BA69D}.Release|Any CPU.Build.0 = Release|Any CPU
	EndGlobalSection
	GlobalSection(SolutionProperties) = preSolution
		HideSolutionNode = FALSE
	EndGlobalSection
	GlobalSection(ExtensibilityGlobals) = postSolution
		SolutionGuid = {CE661C9E-333A-48EE-8BEA-222932E80D11}
	EndGlobalSection
EndGlobal
